
Microsoft Visual Studio Solution File, Format Version 12.00
# Visual Studio Version 17
VisualStudioVersion = 17.14.36221.1 d17.14
MinimumVisualStudioVersion = 10.0.40219.1
Project("{FAE04EC0-301F-11D3-BF4B-00C04F79EFBC}") = "SK_AGRO", "SK_AGRO.csproj", "{98957426-2A69-4AC8-8FE9-587B20707CD8}"
EndProject
Global
	GlobalSection(SolutionConfigurationPlatforms) = preSolution
		Debug|Any CPU = Debug|Any CPU
		Release|Any CPU = Release|Any CPU
	EndGlobalSection
	GlobalSection(ProjectConfigurationPlatforms) = postSolution
		{98957426-2A69-4AC8-8FE9-587B20707CD8}.Debug|Any CPU.ActiveCfg = Debug|Any CPU
		{98957426-2A69-4AC8-8FE9-587B20707CD8}.Debug|Any CPU.Build.0 = Debug|Any CPU
		{98957426-2A69-4AC8-8FE9-587B20707CD8}.Release|Any CPU.ActiveCfg = Release|Any CPU
		{98957426-2A69-4AC8-8FE9-587B20707CD8}.Release|Any CPU.Build.0 = Release|Any CPU
	EndGlobalSection
	GlobalSection(SolutionProperties) = preSolution
		HideSolutionNode = FALSE
	EndGlobalSection
	GlobalSection(ExtensibilityGlobals) = postSolution
		SolutionGuid = {C4D9B022-1ABB-46C1-91D0-5A404C1DD03F}
	EndGlobalSection
EndGlobal
